
Microsoft Visual Studio Solution File, Format Version 12.00
# Visual Studio Version 17
VisualStudioVersion = 17.7.34018.315
MinimumVisualStudioVersion = 10.0.40219.1
Project("{8BC9CEB8-8B4A-11D0-8D11-00A0C91BC942}") = "Win32", "Win32\Win32.vcxproj", "{32170EC8-151A-4203-8181-61CA2B7B493C}"
EndProject
Project("{FAE04EC0-301F-11D3-BF4B-00C04F79EFBC}") = "WpfHost", "WpfHost\WpfHost.csproj", "{61ADD9FD-9F81-418E-BFCC-844DB3DBF4B1}"
EndProject
Global
	GlobalSection(SolutionConfigurationPlatforms) = preSolution
		Debug|x86 = Debug|x86
		Release|x86 = Release|x86
	EndGlobalSection
	GlobalSection(ProjectConfigurationPlatforms) = postSolution
		{32170EC8-151A-4203-8181-61CA2B7B493C}.Debug|x86.ActiveCfg = Debug|Win32
		{32170EC8-151A-4203-8181-61CA2B7B493C}.Release|x86.ActiveCfg = Release|Win32
		{32170EC8-151A-4203-8181-61CA2B7B493C}.Release|x86.Build.0 = Release|Win32
		{61ADD9FD-9F81-418E-BFCC-844DB3DBF4B1}.Debug|x86.ActiveCfg = Debug|x86
		{61ADD9FD-9F81-418E-BFCC-844DB3DBF4B1}.Debug|x86.Build.0 = Debug|x86
		{61ADD9FD-9F81-418E-BFCC-844DB3DBF4B1}.Release|x86.ActiveCfg = Release|x86
		{61ADD9FD-9F81-418E-BFCC-844DB3DBF4B1}.Release|x86.Build.0 = Release|x86
	EndGlobalSection
	GlobalSection(SolutionProperties) = preSolution
		HideSolutionNode = FALSE
	EndGlobalSection
	GlobalSection(ExtensibilityGlobals) = postSolution
		SolutionGuid = {14D68A9E-A66C-4053-9B51-FA2059DC21A1}
	EndGlobalSection
EndGlobal
